
Microsoft Visual Studio Solution File, Format Version 12.00
# Visual Studio Version 16
VisualStudioVersion = 16.0.31613.86
MinimumVisualStudioVersion = 10.0.40219.1
Project("{9A19103F-16F7-4668-BE54-9A1E7A4F7556}") = "NetworkManager", "NetworkManager.csproj", "{BE24DEF5-28D6-4A13-B3A5-2D8F517CA08D}"
EndProject
Global
	GlobalSection(SolutionConfigurationPlatforms) = preSolution
		Debug|Any CPU = Debug|Any CPU
		Release|Any CPU = Release|Any CPU
	EndGlobalSection
	GlobalSection(ProjectConfigurationPlatforms) = postSolution
		{BE24DEF5-28D6-4A13-B3A5-2D8F517CA08D}.Debug|Any CPU.ActiveCfg = Debug|Any CPU
		{BE24DEF5-28D6-4A13-B3A5-2D8F517CA08D}.Debug|Any CPU.Build.0 = Debug|Any CPU
		{BE24DEF5-28D6-4A13-B3A5-2D8F517CA08D}.Release|Any CPU.ActiveCfg = Release|Any CPU
		{BE24DEF5-28D6-4A13-B3A5-2D8F517CA08D}.Release|Any CPU.Build.0 = Release|Any CPU
	EndGlobalSection
	GlobalSection(SolutionProperties) = preSolution
		HideSolutionNode = FALSE
	EndGlobalSection
	GlobalSection(ExtensibilityGlobals) = postSolution
		SolutionGuid = {A6C7AD14-CBB6-45D8-95D5-31F5612F62C1}
	EndGlobalSection
EndGlobal
